
Microsoft Visual Studio Solution File, Format Version 12.00
# Visual Studio Version 16
VisualStudioVersion = 16.0.29609.76
MinimumVisualStudioVersion = 10.0.40219.1
Project("{FAE04EC0-301F-11D3-BF4B-00C04F79EFBC}") = "condition-control", "condition-control\condition-control.csproj", "{A690E669-EB9A-4501-8B4A-9C34D57A5AF3}"
EndProject
Global
	GlobalSection(SolutionConfigurationPlatforms) = preSolution
		Debug|Any CPU = Debug|Any CPU
		Release|Any CPU = Release|Any CPU
	EndGlobalSection
	GlobalSection(ProjectConfigurationPlatforms) = postSolution
		{A690E669-EB9A-4501-8B4A-9C34D57A5AF3}.Debug|Any CPU.ActiveCfg = Debug|Any CPU
		{A690E669-EB9A-4501-8B4A-9C34D57A5AF3}.Debug|Any CPU.Build.0 = Debug|Any CPU
		{A690E669-EB9A-4501-8B4A-9C34D57A5AF3}.Release|Any CPU.ActiveCfg = Release|Any CPU
		{A690E669-EB9A-4501-8B4A-9C34D57A5AF3}.Release|Any CPU.Build.0 = Release|Any CPU
	EndGlobalSection
	GlobalSection(SolutionProperties) = preSolution
		HideSolutionNode = FALSE
	EndGlobalSection
	GlobalSection(ExtensibilityGlobals) = postSolution
		SolutionGuid = {68CB4AD6-5294-4B9D-B841-3DE7C03F1910}
	EndGlobalSection
EndGlobal
